
Microsoft Visual Studio Solution File, Format Version 12.00
# Visual Studio 14
VisualStudioVersion = 14.0.25420.1
MinimumVisualStudioVersion = 10.0.40219.1
Project("{8BC9CEB8-8B4A-11D0-8D11-00A0C91BC942}") = "WFGUI", "WFGUI\WFGUI.vcxproj", "{99C5AD7B-5240-4085-8F54-D864A217BAA8}"
	ProjectSection(ProjectDependencies) = postProject
		{50B45996-EC75-49B5-9D3F-FD2A04AAEEF2} = {50B45996-EC75-49B5-9D3F-FD2A04AAEEF2}
		{AFF4E5BA-2A3B-43BD-A2E2-A6C5BDEC9125} = {AFF4E5BA-2A3B-43BD-A2E2-A6C5BDEC9125}
	EndProjectSection
EndProject
Project("{8BC9CEB8-8B4A-11D0-8D11-00A0C91BC942}") = "KinectV1Capture", "KinectV1Capture\KinectV1Capture.vcxproj", "{AFF4E5BA-2A3B-43BD-A2E2-A6C5BDEC9125}"
EndProject
Project("{8BC9CEB8-8B4A-11D0-8D11-00A0C91BC942}") = "testKinect", "testKinect\testKinect.vcxproj", "{50B45996-EC75-49B5-9D3F-FD2A04AAEEF2}"
EndProject
Global
	GlobalSection(SolutionConfigurationPlatforms) = preSolution
		Debug|x64 = Debug|x64
		Debug|x86 = Debug|x86
		Release|x64 = Release|x64
		Release|x86 = Release|x86
	EndGlobalSection
	GlobalSection(ProjectConfigurationPlatforms) = postSolution
		{99C5AD7B-5240-4085-8F54-D864A217BAA8}.Debug|x64.ActiveCfg = Debug|x64
		{99C5AD7B-5240-4085-8F54-D864A217BAA8}.Debug|x64.Build.0 = Debug|x64
		{99C5AD7B-5240-4085-8F54-D864A217BAA8}.Debug|x86.ActiveCfg = Debug|Win32
		{99C5AD7B-5240-4085-8F54-D864A217BAA8}.Debug|x86.Build.0 = Debug|Win32
		{99C5AD7B-5240-4085-8F54-D864A217BAA8}.Release|x64.ActiveCfg = Release|x64
		{99C5AD7B-5240-4085-8F54-D864A217BAA8}.Release|x64.Build.0 = Release|x64
		{99C5AD7B-5240-4085-8F54-D864A217BAA8}.Release|x86.ActiveCfg = Release|Win32
		{99C5AD7B-5240-4085-8F54-D864A217BAA8}.Release|x86.Build.0 = Release|Win32
		{AFF4E5BA-2A3B-43BD-A2E2-A6C5BDEC9125}.Debug|x64.ActiveCfg = Debug|x64
		{AFF4E5BA-2A3B-43BD-A2E2-A6C5BDEC9125}.Debug|x64.Build.0 = Debug|x64
		{AFF4E5BA-2A3B-43BD-A2E2-A6C5BDEC9125}.Debug|x86.ActiveCfg = Debug|Win32
		{AFF4E5BA-2A3B-43BD-A2E2-A6C5BDEC9125}.Debug|x86.Build.0 = Debug|Win32
		{AFF4E5BA-2A3B-43BD-A2E2-A6C5BDEC9125}.Release|x64.ActiveCfg = Release|x64
		{AFF4E5BA-2A3B-43BD-A2E2-A6C5BDEC9125}.Release|x64.Build.0 = Release|x64
		{AFF4E5BA-2A3B-43BD-A2E2-A6C5BDEC9125}.Release|x86.ActiveCfg = Release|Win32
		{AFF4E5BA-2A3B-43BD-A2E2-A6C5BDEC9125}.Release|x86.Build.0 = Release|Win32
		{50B45996-EC75-49B5-9D3F-FD2A04AAEEF2}.Debug|x64.ActiveCfg = Debug|x64
		{50B45996-EC75-49B5-9D3F-FD2A04AAEEF2}.Debug|x64.Build.0 = Debug|x64
		{50B45996-EC75-49B5-9D3F-FD2A04AAEEF2}.Debug|x86.ActiveCfg = Debug|Win32
		{50B45996-EC75-49B5-9D3F-FD2A04AAEEF2}.Debug|x86.Build.0 = Debug|Win32
		{50B45996-EC75-49B5-9D3F-FD2A04AAEEF2}.Release|x64.ActiveCfg = Release|x64
		{50B45996-EC75-49B5-9D3F-FD2A04AAEEF2}.Release|x64.Build.0 = Release|x64
		{50B45996-EC75-49B5-9D3F-FD2A04AAEEF2}.Release|x86.ActiveCfg = Release|Win32
		{50B45996-EC75-49B5-9D3F-FD2A04AAEEF2}.Release|x86.Build.0 = Release|Win32
	EndGlobalSection
	GlobalSection(SolutionProperties) = preSolution
		HideSolutionNode = FALSE
	EndGlobalSection
EndGlobal
